
Microsoft Visual Studio Solution File, Format Version 12.00
# Visual Studio Version 16
VisualStudioVersion = 16.0.32126.315
MinimumVisualStudioVersion = 10.0.40219.1
Project("{FAE04EC0-301F-11D3-BF4B-00C04F79EFBC}") = "Project8", "Project8\Project8.csproj", "{7E8662CF-7467-4A1E-B2C3-388F1691B692}"
EndProject
Global
	GlobalSection(SolutionConfigurationPlatforms) = preSolution
		Debug|Any CPU = Debug|Any CPU
		Release|Any CPU = Release|Any CPU
	EndGlobalSection
	GlobalSection(ProjectConfigurationPlatforms) = postSolution
		{7E8662CF-7467-4A1E-B2C3-388F1691B692}.Debug|Any CPU.ActiveCfg = Debug|Any CPU
		{7E8662CF-7467-4A1E-B2C3-388F1691B692}.Debug|Any CPU.Build.0 = Debug|Any CPU
		{7E8662CF-7467-4A1E-B2C3-388F1691B692}.Release|Any CPU.ActiveCfg = Release|Any CPU
		{7E8662CF-7467-4A1E-B2C3-388F1691B692}.Release|Any CPU.Build.0 = Release|Any CPU
	EndGlobalSection
	GlobalSection(SolutionProperties) = preSolution
		HideSolutionNode = FALSE
	EndGlobalSection
	GlobalSection(ExtensibilityGlobals) = postSolution
		SolutionGuid = {6746D910-BA82-40D6-9CCD-C0CAA7314E10}
	EndGlobalSection
EndGlobal
